
Microsoft Visual Studio Solution File, Format Version 12.00
# Visual Studio Version 17
VisualStudioVersion = 17.8.34525.116
MinimumVisualStudioVersion = 10.0.40219.1
Project("{FAE04EC0-301F-11D3-BF4B-00C04F79EFBC}") = "Week9Lists", "Week9Lists\Week9Lists.csproj", "{F3B44852-90ED-4036-9AD9-525F0A1F0EAA}"
EndProject
Global
	GlobalSection(SolutionConfigurationPlatforms) = preSolution
		Debug|Any CPU = Debug|Any CPU
		Release|Any CPU = Release|Any CPU
	EndGlobalSection
	GlobalSection(ProjectConfigurationPlatforms) = postSolution
		{F3B44852-90ED-4036-9AD9-525F0A1F0EAA}.Debug|Any CPU.ActiveCfg = Debug|Any CPU
		{F3B44852-90ED-4036-9AD9-525F0A1F0EAA}.Debug|Any CPU.Build.0 = Debug|Any CPU
		{F3B44852-90ED-4036-9AD9-525F0A1F0EAA}.Release|Any CPU.ActiveCfg = Release|Any CPU
		{F3B44852-90ED-4036-9AD9-525F0A1F0EAA}.Release|Any CPU.Build.0 = Release|Any CPU
	EndGlobalSection
	GlobalSection(SolutionProperties) = preSolution
		HideSolutionNode = FALSE
	EndGlobalSection
	GlobalSection(ExtensibilityGlobals) = postSolution
		SolutionGuid = {FF5E3A85-1FBB-40BF-AFA7-FEDE0539EEA5}
	EndGlobalSection
EndGlobal
